
Microsoft Visual Studio Solution File, Format Version 12.00
# Visual Studio Version 17
VisualStudioVersion = 17.9.34714.143
MinimumVisualStudioVersion = 10.0.40219.1
Project("{9A19103F-16F7-4668-BE54-9A1E7A4F7556}") = "Server", "Server\Server.csproj", "{2FA4DB46-6781-4F21-952A-1502C1B31209}"
EndProject
Project("{9A19103F-16F7-4668-BE54-9A1E7A4F7556}") = "Core", "Core\Core.csproj", "{733973FB-8D72-4D6C-A47B-0E2F14B6B13B}"
EndProject
Project("{9A19103F-16F7-4668-BE54-9A1E7A4F7556}") = "Client", "Client\Client.csproj", "{0E1FD368-0BDB-4BB9-B8E1-D691A420ACDE}"
EndProject
Global
	GlobalSection(SolutionConfigurationPlatforms) = preSolution
		Debug|Any CPU = Debug|Any CPU
		Release|Any CPU = Release|Any CPU
	EndGlobalSection
	GlobalSection(ProjectConfigurationPlatforms) = postSolution
		{2FA4DB46-6781-4F21-952A-1502C1B31209}.Debug|Any CPU.ActiveCfg = Debug|Any CPU
		{2FA4DB46-6781-4F21-952A-1502C1B31209}.Debug|Any CPU.Build.0 = Debug|Any CPU
		{2FA4DB46-6781-4F21-952A-1502C1B31209}.Release|Any CPU.ActiveCfg = Release|Any CPU
		{2FA4DB46-6781-4F21-952A-1502C1B31209}.Release|Any CPU.Build.0 = Release|Any CPU
		{733973FB-8D72-4D6C-A47B-0E2F14B6B13B}.Debug|Any CPU.ActiveCfg = Debug|Any CPU
		{733973FB-8D72-4D6C-A47B-0E2F14B6B13B}.Debug|Any CPU.Build.0 = Debug|Any CPU
		{733973FB-8D72-4D6C-A47B-0E2F14B6B13B}.Release|Any CPU.ActiveCfg = Release|Any CPU
		{733973FB-8D72-4D6C-A47B-0E2F14B6B13B}.Release|Any CPU.Build.0 = Release|Any CPU
		{0E1FD368-0BDB-4BB9-B8E1-D691A420ACDE}.Debug|Any CPU.ActiveCfg = Debug|Any CPU
		{0E1FD368-0BDB-4BB9-B8E1-D691A420ACDE}.Debug|Any CPU.Build.0 = Debug|Any CPU
		{0E1FD368-0BDB-4BB9-B8E1-D691A420ACDE}.Release|Any CPU.ActiveCfg = Release|Any CPU
		{0E1FD368-0BDB-4BB9-B8E1-D691A420ACDE}.Release|Any CPU.Build.0 = Release|Any CPU
	EndGlobalSection
	GlobalSection(SolutionProperties) = preSolution
		HideSolutionNode = FALSE
	EndGlobalSection
	GlobalSection(ExtensibilityGlobals) = postSolution
		SolutionGuid = {58623FB1-0F59-4B97-8109-124FCBE01746}
	EndGlobalSection
EndGlobal
